// !$*UTF8*$!
{
	archiveVersion = 1;
	classes = {
	};
	objectVersion = 50;
	objects = {

/* Begin PBXBuildFile section */
		CB68553525411B4B00132C1A /* AppDelegate.swift in Sources */ = {isa = PBXBuildFile; fileRef = CB68553425411B4B00132C1A /* AppDelegate.swift */; };
		CB68553725411B4B00132C1A /* SceneDelegate.swift in Sources */ = {isa = PBXBuildFile; fileRef = CB68553625411B4B00132C1A /* SceneDelegate.swift */; };
		CB68553925411B4B00132C1A /* ViewController.swift in Sources */ = {isa = PBXBuildFile; fileRef = CB68553825411B4B00132C1A /* ViewController.swift */; };
		CB68553C25411B4B00132C1A /* Main.storyboard in Resources */ = {isa = PBXBuildFile; fileRef = CB68553A25411B4B00132C1A /* Main.storyboard */; };
		CB68553E25411B4F00132C1A /* Assets.xcassets in Resources */ = {isa = PBXBuildFile; fileRef = CB68553D25411B4F00132C1A /* Assets.xcassets */; };
		CB68554125411B4F00132C1A /* LaunchScreen.storyboard in Resources */ = {isa = PBXBuildFile; fileRef = CB68553F25411B4F00132C1A /* LaunchScreen.storyboard */; };
		CB68554C25411B4F00132C1A /* Unsplash_SHOHTests.swift in Sources */ = {isa = PBXBuildFile; fileRef = CB68554B25411B4F00132C1A /* Unsplash_SHOHTests.swift */; };
		CB68555725411B4F00132C1A /* Unsplash_SHOHUITests.swift in Sources */ = {isa = PBXBuildFile; fileRef = CB68555625411B4F00132C1A /* Unsplash_SHOHUITests.swift */; };
		CB68557A254148E700132C1A /* AppLaunch.swift in Sources */ = {isa = PBXBuildFile; fileRef = CB685579254148E700132C1A /* AppLaunch.swift */; };
/* End PBXBuildFile section */

/* Begin PBXContainerItemProxy section */
		CB68554825411B4F00132C1A /* PBXContainerItemProxy */ = {
			isa = PBXContainerItemProxy;
			containerPortal = CB68552925411B4A00132C1A /* Project object */;
			proxyType = 1;
			remoteGlobalIDString = CB68553025411B4A00132C1A;
			remoteInfo = "Unsplash-SHOH";
		};
		CB68555325411B4F00132C1A /* PBXContainerItemProxy */ = {
			isa = PBXContainerItemProxy;
			containerPortal = CB68552925411B4A00132C1A /* Project object */;
			proxyType = 1;
			remoteGlobalIDString = CB68553025411B4A00132C1A;
			remoteInfo = "Unsplash-SHOH";
		};
/* End PBXContainerItemProxy section */

/* Begin PBXFileReference section */
		CB68553125411B4A00132C1A /* Unsplash-SHOH.app */ = {isa = PBXFileReference; explicitFileType = wrapper.application; includeInIndex = 0; path = "Unsplash-SHOH.app"; sourceTree = BUILT_PRODUCTS_DIR; };
		CB68553425411B4B00132C1A /* AppDelegate.swift */ = {isa = PBXFileReference; lastKnownFileType = sourcecode.swift; path = AppDelegate.swift; sourceTree = "<group>"; };
		CB68553625411B4B00132C1A /* SceneDelegate.swift */ = {isa = PBXFileReference; lastKnownFileType = sourcecode.swift; path = SceneDelegate.swift; sourceTree = "<group>"; };
		CB68553825411B4B00132C1A /* ViewController.swift */ = {isa = PBXFileReference; lastKnownFileType = sourcecode.swift; path = ViewController.swift; sourceTree = "<group>"; };
		CB68553B25411B4B00132C1A /* Base */ = {isa = PBXFileReference; lastKnownFileType = file.storyboard; name = Base; path = Base.lproj/Main.storyboard; sourceTree = "<group>"; };
		CB68553D25411B4F00132C1A /* Assets.xcassets */ = {isa = PBXFileReference; lastKnownFileType = folder.assetcatalog; path = Assets.xcassets; sourceTree = "<group>"; };
		CB68554025411B4F00132C1A /* Base */ = {isa = PBXFileReference; lastKnownFileType = file.storyboard; name = Base; path = Base.lproj/LaunchScreen.storyboard; sourceTree = "<group>"; };
		CB68554225411B4F00132C1A /* Info.plist */ = {isa = PBXFileReference; lastKnownFileType = text.plist.xml; path = Info.plist; sourceTree = "<group>"; };
		CB68554725411B4F00132C1A /* Unsplash-SHOHTests.xctest */ = {isa = PBXFileReference; explicitFileType = wrapper.cfbundle; includeInIndex = 0; path = "Unsplash-SHOHTests.xctest"; sourceTree = BUILT_PRODUCTS_DIR; };
		CB68554B25411B4F00132C1A /* Unsplash_SHOHTests.swift */ = {isa = PBXFileReference; lastKnownFileType = sourcecode.swift; path = Unsplash_SHOHTests.swift; sourceTree = "<group>"; };
		CB68554D25411B4F00132C1A /* Info.plist */ = {isa = PBXFileReference; lastKnownFileType = text.plist.xml; path = Info.plist; sourceTree = "<group>"; };
		CB68555225411B4F00132C1A /* Unsplash-SHOHUITests.xctest */ = {isa = PBXFileReference; explicitFileType = wrapper.cfbundle; includeInIndex = 0; path = "Unsplash-SHOHUITests.xctest"; sourceTree = BUILT_PRODUCTS_DIR; };
		CB68555625411B4F00132C1A /* Unsplash_SHOHUITests.swift */ = {isa = PBXFileReference; lastKnownFileType = sourcecode.swift; path = Unsplash_SHOHUITests.swift; sourceTree = "<group>"; };
		CB68555825411B4F00132C1A /* Info.plist */ = {isa = PBXFileReference; lastKnownFileType = text.plist.xml; path = Info.plist; sourceTree = "<group>"; };
		CB685579254148E700132C1A /* AppLaunch.swift */ = {isa = PBXFileReference; lastKnownFileType = sourcecode.swift; path = AppLaunch.swift; sourceTree = "<group>"; };
/* End PBXFileReference section */

/* Begin PBXFrameworksBuildPhase section */
		CB68552E25411B4A00132C1A /* Frameworks */ = {
			isa = PBXFrameworksBuildPhase;
			buildActionMask = 2147483647;
			files = (
			);
			runOnlyForDeploymentPostprocessing = 0;
		};
		CB68554425411B4F00132C1A /* Frameworks */ = {
			isa = PBXFrameworksBuildPhase;
			buildActionMask = 2147483647;
			files = (
			);
			runOnlyForDeploymentPostprocessing = 0;
		};
		CB68554F25411B4F00132C1A /* Frameworks */ = {
			isa = PBXFrameworksBuildPhase;
			buildActionMask = 2147483647;
			files = (
			);
			runOnlyForDeploymentPostprocessing = 0;
		};
/* End PBXFrameworksBuildPhase section */

/* Begin PBXGroup section */
		CB68552825411B4A00132C1A = {
			isa = PBXGroup;
			children = (
				CB68553325411B4B00132C1A /* Unsplash-SHOH */,
				CB68554A25411B4F00132C1A /* Unsplash-SHOHTests */,
				CB68555525411B4F00132C1A /* Unsplash-SHOHUITests */,
				CB68553225411B4A00132C1A /* Products */,
			);
			sourceTree = "<group>";
		};
		CB68553225411B4A00132C1A /* Products */ = {
			isa = PBXGroup;
			children = (
				CB68553125411B4A00132C1A /* Unsplash-SHOH.app */,
				CB68554725411B4F00132C1A /* Unsplash-SHOHTests.xctest */,
				CB68555225411B4F00132C1A /* Unsplash-SHOHUITests.xctest */,
			);
			name = Products;
			sourceTree = "<group>";
		};
		CB68553325411B4B00132C1A /* Unsplash-SHOH */ = {
			isa = PBXGroup;
			children = (
				CB68554225411B4F00132C1A /* Info.plist */,
				CB6855752541488200132C1A /* App */,
				CB6855762541488D00132C1A /* Resources */,
				CB685577254148B800132C1A /* Scenes */,
			);
			path = "Unsplash-SHOH";
			sourceTree = "<group>";
		};
		CB68554A25411B4F00132C1A /* Unsplash-SHOHTests */ = {
			isa = PBXGroup;
			children = (
				CB68554B25411B4F00132C1A /* Unsplash_SHOHTests.swift */,
				CB68554D25411B4F00132C1A /* Info.plist */,
			);
			path = "Unsplash-SHOHTests";
			sourceTree = "<group>";
		};
		CB68555525411B4F00132C1A /* Unsplash-SHOHUITests */ = {
			isa = PBXGroup;
			children = (
				CB68555625411B4F00132C1A /* Unsplash_SHOHUITests.swift */,
				CB68555825411B4F00132C1A /* Info.plist */,
			);
			path = "Unsplash-SHOHUITests";
			sourceTree = "<group>";
		};
		CB6855752541488200132C1A /* App */ = {
			isa = PBXGroup;
			children = (
				CB68553425411B4B00132C1A /* AppDelegate.swift */,
				CB685579254148E700132C1A /* AppLaunch.swift */,
				CB68553625411B4B00132C1A /* SceneDelegate.swift */,
			);
			path = App;
			sourceTree = "<group>";
		};
		CB6855762541488D00132C1A /* Resources */ = {
			isa = PBXGroup;
			children = (
				CB68553D25411B4F00132C1A /* Assets.xcassets */,
				CB68553F25411B4F00132C1A /* LaunchScreen.storyboard */,
			);
			path = Resources;
			sourceTree = "<group>";
		};
		CB685577254148B800132C1A /* Scenes */ = {
			isa = PBXGroup;
			children = (
				CB685578254148C400132C1A /* Main */,
			);
			path = Scenes;
			sourceTree = "<group>";
		};
		CB685578254148C400132C1A /* Main */ = {
			isa = PBXGroup;
			children = (
				CB68553825411B4B00132C1A /* ViewController.swift */,
				CB68553A25411B4B00132C1A /* Main.storyboard */,
			);
			path = Main;
			sourceTree = "<group>";
		};
/* End PBXGroup section */

/* Begin PBXNativeTarget section */
		CB68553025411B4A00132C1A /* Unsplash-SHOH */ = {
			isa = PBXNativeTarget;
			buildConfigurationList = CB68555B25411B4F00132C1A /* Build configuration list for PBXNativeTarget "Unsplash-SHOH" */;
			buildPhases = (
				CB68552D25411B4A00132C1A /* Sources */,
				CB68552E25411B4A00132C1A /* Frameworks */,
				CB68552F25411B4A00132C1A /* Resources */,
			);
			buildRules = (
			);
			dependencies = (
			);
			name = "Unsplash-SHOH";
			productName = "Unsplash-SHOH";
			productReference = CB68553125411B4A00132C1A /* Unsplash-SHOH.app */;
			productType = "com.apple.product-type.application";
		};
		CB68554625411B4F00132C1A /* Unsplash-SHOHTests */ = {
			isa = PBXNativeTarget;
			buildConfigurationList = CB68555E25411B4F00132C1A /* Build configuration list for PBXNativeTarget "Unsplash-SHOHTests" */;
			buildPhases = (
				CB68554325411B4F00132C1A /* Sources */,
				CB68554425411B4F00132C1A /* Frameworks */,
				CB68554525411B4F00132C1A /* Resources */,
			);
			buildRules = (
			);
			dependencies = (
				CB68554925411B4F00132C1A /* PBXTargetDependency */,
			);
			name = "Unsplash-SHOHTests";
			productName = "Unsplash-SHOHTests";
			productReference = CB68554725411B4F00132C1A /* Unsplash-SHOHTests.xctest */;
			productType = "com.apple.product-type.bundle.unit-test";
		};
		CB68555125411B4F00132C1A /* Unsplash-SHOHUITests */ = {
			isa = PBXNativeTarget;
			buildConfigurationList = CB68556125411B4F00132C1A /* Build configuration list for PBXNativeTarget "Unsplash-SHOHUITests" */;
			buildPhases = (
				CB68554E25411B4F00132C1A /* Sources */,
				CB68554F25411B4F00132C1A /* Frameworks */,
				CB68555025411B4F00132C1A /* Resources */,
			);
			buildRules = (
			);
			dependencies = (
				CB68555425411B4F00132C1A /* PBXTargetDependency */,
			);
			name = "Unsplash-SHOHUITests";
			productName = "Unsplash-SHOHUITests";
			productReference = CB68555225411B4F00132C1A /* Unsplash-SHOHUITests.xctest */;
			productType = "com.apple.product-type.bundle.ui-testing";
		};
/* End PBXNativeTarget section */

/* Begin PBXProject section */
		CB68552925411B4A00132C1A /* Project object */ = {
			isa = PBXProject;
			attributes = {
				LastSwiftUpdateCheck = 1200;
				LastUpgradeCheck = 1200;
				TargetAttributes = {
					CB68553025411B4A00132C1A = {
						CreatedOnToolsVersion = 12.0.1;
					};
					CB68554625411B4F00132C1A = {
						CreatedOnToolsVersion = 12.0.1;
						TestTargetID = CB68553025411B4A00132C1A;
					};
					CB68555125411B4F00132C1A = {
						CreatedOnToolsVersion = 12.0.1;
						TestTargetID = CB68553025411B4A00132C1A;
					};
				};
			};
			buildConfigurationList = CB68552C25411B4A00132C1A /* Build configuration list for PBXProject "Unsplash-SHOH" */;
			compatibilityVersion = "Xcode 9.3";
			developmentRegion = en;
			hasScannedForEncodings = 0;
			knownRegions = (
				en,
				Base,
			);
			mainGroup = CB68552825411B4A00132C1A;
			productRefGroup = CB68553225411B4A00132C1A /* Products */;
			projectDirPath = "";
			projectRoot = "";
			targets = (
				CB68553025411B4A00132C1A /* Unsplash-SHOH */,
				CB68554625411B4F00132C1A /* Unsplash-SHOHTests */,
				CB68555125411B4F00132C1A /* Unsplash-SHOHUITests */,
			);
		};
/* End PBXProject section */

/* Begin PBXResourcesBuildPhase section */
		CB68552F25411B4A00132C1A /* Resources */ = {
			isa = PBXResourcesBuildPhase;
			buildActionMask = 2147483647;
			files = (
				CB68554125411B4F00132C1A /* LaunchScreen.storyboard in Resources */,
				CB68553E25411B4F00132C1A /* Assets.xcassets in Resources */,
				CB68553C25411B4B00132C1A /* Main.storyboard in Resources */,
			);
			runOnlyForDeploymentPostprocessing = 0;
		};
		CB68554525411B4F00132C1A /* Resources */ = {
			isa = PBXResourcesBuildPhase;
			buildActionMask = 2147483647;
			files = (
			);
			runOnlyForDeploymentPostprocessing = 0;
		};
		CB68555025411B4F00132C1A /* Resources */ = {
			isa = PBXResourcesBuildPhase;
			buildActionMask = 2147483647;
			files = (
			);
			runOnlyForDeploymentPostprocessing = 0;
		};
/* End PBXResourcesBuildPhase section */

/* Begin PBXSourcesBuildPhase section */
		CB68552D25411B4A00132C1A /* Sources */ = {
			isa = PBXSourcesBuildPhase;
			buildActionMask = 2147483647;
			files = (
				CB68553925411B4B00132C1A /* ViewController.swift in Sources */,
				CB68553525411B4B00132C1A /* AppDelegate.swift in Sources */,
				CB68557A254148E700132C1A /* AppLaunch.swift in Sources */,
				CB68553725411B4B00132C1A /* SceneDelegate.swift in Sources */,
			);
			runOnlyForDeploymentPostprocessing = 0;
		};
		CB68554325411B4F00132C1A /* Sources */ = {
			isa = PBXSourcesBuildPhase;
			buildActionMask = 2147483647;
			files = (
				CB68554C25411B4F00132C1A /* Unsplash_SHOHTests.swift in Sources */,
			);
			runOnlyForDeploymentPostprocessing = 0;
		};
		CB68554E25411B4F00132C1A /* Sources */ = {
			isa = PBXSourcesBuildPhase;
			buildActionMask = 2147483647;
			files = (
				CB68555725411B4F00132C1A /* Unsplash_SHOHUITests.swift in Sources */,
			);
			runOnlyForDeploymentPostprocessing = 0;
		};
/* End PBXSourcesBuildPhase section */

/* Begin PBXTargetDependency section */
		CB68554925411B4F00132C1A /* PBXTargetDependency */ = {
			isa = PBXTargetDependency;
			target = CB68553025411B4A00132C1A /* Unsplash-SHOH */;
			targetProxy = CB68554825411B4F00132C1A /* PBXContainerItemProxy */;
		};
		CB68555425411B4F00132C1A /* PBXTargetDependency */ = {
			isa = PBXTargetDependency;
			target = CB68553025411B4A00132C1A /* Unsplash-SHOH */;
			targetProxy = CB68555325411B4F00132C1A /* PBXContainerItemProxy */;
		};
/* End PBXTargetDependency section */

/* Begin PBXVariantGroup section */
		CB68553A25411B4B00132C1A /* Main.storyboard */ = {
			isa = PBXVariantGroup;
			children = (
				CB68553B25411B4B00132C1A /* Base */,
			);
			name = Main.storyboard;
			sourceTree = "<group>";
		};
		CB68553F25411B4F00132C1A /* LaunchScreen.storyboard */ = {
			isa = PBXVariantGroup;
			children = (
				CB68554025411B4F00132C1A /* Base */,
			);
			name = LaunchScreen.storyboard;
			sourceTree = "<group>";
		};
/* End PBXVariantGroup section */

/* Begin XCBuildConfiguration section */
		CB68555925411B4F00132C1A /* Debug */ = {
			isa = XCBuildConfiguration;
			buildSettings = {
				ALWAYS_SEARCH_USER_PATHS = NO;
				CLANG_ANALYZER_NONNULL = YES;
				CLANG_ANALYZER_NUMBER_OBJECT_CONVERSION = YES_AGGRESSIVE;
				CLANG_CXX_LANGUAGE_STANDARD = "gnu++14";
				CLANG_CXX_LIBRARY = "libc++";
				CLANG_ENABLE_MODULES = YES;
				CLANG_ENABLE_OBJC_ARC = YES;
				CLANG_ENABLE_OBJC_WEAK = YES;
				CLANG_WARN_BLOCK_CAPTURE_AUTORELEASING = YES;
				CLANG_WARN_BOOL_CONVERSION = YES;
				CLANG_WARN_COMMA = YES;
				CLANG_WARN_CONSTANT_CONVERSION = YES;
				CLANG_WARN_DEPRECATED_OBJC_IMPLEMENTATIONS = YES;
				CLANG_WARN_DIRECT_OBJC_ISA_USAGE = YES_ERROR;
				CLANG_WARN_DOCUMENTATION_COMMENTS = YES;
				CLANG_WARN_EMPTY_BODY = YES;
				CLANG_WARN_ENUM_CONVERSION = YES;
				CLANG_WARN_INFINITE_RECURSION = YES;
				CLANG_WARN_INT_CONVERSION = YES;
				CLANG_WARN_NON_LITERAL_NULL_CONVERSION = YES;
				CLANG_WARN_OBJC_IMPLICIT_RETAIN_SELF = YES;
				CLANG_WARN_OBJC_LITERAL_CONVERSION = YES;
				CLANG_WARN_OBJC_ROOT_CLASS = YES_ERROR;
				CLANG_WARN_QUOTED_INCLUDE_IN_FRAMEWORK_HEADER = YES;
				CLANG_WARN_RANGE_LOOP_ANALYSIS = YES;
				CLANG_WARN_STRICT_PROTOTYPES = YES;
				CLANG_WARN_SUSPICIOUS_MOVE = YES;
				CLANG_WARN_UNGUARDED_AVAILABILITY = YES_AGGRESSIVE;
				CLANG_WARN_UNREACHABLE_CODE = YES;
				CLANG_WARN__DUPLICATE_METHOD_MATCH = YES;
				COPY_PHASE_STRIP = NO;
				DEBUG_INFORMATION_FORMAT = dwarf;
				ENABLE_STRICT_OBJC_MSGSEND = YES;
				ENABLE_TESTABILITY = YES;
				GCC_C_LANGUAGE_STANDARD = gnu11;
				GCC_DYNAMIC_NO_PIC = NO;
				GCC_NO_COMMON_BLOCKS = YES;
				GCC_OPTIMIZATION_LEVEL = 0;
				GCC_PREPROCESSOR_DEFINITIONS = (
					"DEBUG=1",
					"$(inherited)",
				);
				GCC_WARN_64_TO_32_BIT_CONVERSION = YES;
				GCC_WARN_ABOUT_RETURN_TYPE = YES_ERROR;
				GCC_WARN_UNDECLARED_SELECTOR = YES;
				GCC_WARN_UNINITIALIZED_AUTOS = YES_AGGRESSIVE;
				GCC_WARN_UNUSED_FUNCTION = YES;
				GCC_WARN_UNUSED_VARIABLE = YES;
				IPHONEOS_DEPLOYMENT_TARGET = 12.0;
				MTL_ENABLE_DEBUG_INFO = INCLUDE_SOURCE;
				MTL_FAST_MATH = YES;
				ONLY_ACTIVE_ARCH = YES;
				SDKROOT = iphoneos;
				SWIFT_ACTIVE_COMPILATION_CONDITIONS = DEBUG;
				SWIFT_OPTIMIZATION_LEVEL = "-Onone";
			};
			name = Debug;
		};
		CB68555A25411B4F00132C1A /* Release */ = {
			isa = XCBuildConfiguration;
			buildSettings = {
				ALWAYS_SEARCH_USER_PATHS = NO;
				CLANG_ANALYZER_NONNULL = YES;
				CLANG_ANALYZER_NUMBER_OBJECT_CONVERSION = YES_AGGRESSIVE;
				CLANG_CXX_LANGUAGE_STANDARD = "gnu++14";
				CLANG_CXX_LIBRARY = "libc++";
				CLANG_ENABLE_MODULES = YES;
				CLANG_ENABLE_OBJC_ARC = YES;
				CLANG_ENABLE_OBJC_WEAK = YES;
				CLANG_WARN_BLOCK_CAPTURE_AUTORELEASING = YES;
				CLANG_WARN_BOOL_CONVERSION = YES;
				CLANG_WARN_COMMA = YES;
				CLANG_WARN_CONSTANT_CONVERSION = YES;
				CLANG_WARN_DEPRECATED_OBJC_IMPLEMENTATIONS = YES;
				CLANG_WARN_DIRECT_OBJC_ISA_USAGE = YES_ERROR;
				CLANG_WARN_DOCUMENTATION_COMMENTS = YES;
				CLANG_WARN_EMPTY_BODY = YES;
				CLANG_WARN_ENUM_CONVERSION = YES;
				CLANG_WARN_INFINITE_RECURSION = YES;
				CLANG_WARN_INT_CONVERSION = YES;
				CLANG_WARN_NON_LITERAL_NULL_CONVERSION = YES;
				CLANG_WARN_OBJC_IMPLICIT_RETAIN_SELF = YES;
				CLANG_WARN_OBJC_LITERAL_CONVERSION = YES;
				CLANG_WARN_OBJC_ROOT_CLASS = YES_ERROR;
				CLANG_WARN_QUOTED_INCLUDE_IN_FRAMEWORK_HEADER = YES;
				CLANG_WARN_RANGE_LOOP_ANALYSIS = YES;
				CLANG_WARN_STRICT_PROTOTYPES = YES;
				CLANG_WARN_SUSPICIOUS_MOVE = YES;
				CLANG_WARN_UNGUARDED_AVAILABILITY = YES_AGGRESSIVE;
				CLANG_WARN_UNREACHABLE_CODE = YES;
				CLANG_WARN__DUPLICATE_METHOD_MATCH = YES;
				COPY_PHASE_STRIP = NO;
				DEBUG_INFORMATION_FORMAT = "dwarf-with-dsym";
				ENABLE_NS_ASSERTIONS = NO;
				ENABLE_STRICT_OBJC_MSGSEND = YES;
				GCC_C_LANGUAGE_STANDARD = gnu11;
				GCC_NO_COMMON_BLOCKS = YES;
				GCC_WARN_64_TO_32_BIT_CONVERSION = YES;
				GCC_WARN_ABOUT_RETURN_TYPE = YES_ERROR;
				GCC_WARN_UNDECLARED_SELECTOR = YES;
				GCC_WARN_UNINITIALIZED_AUTOS = YES_AGGRESSIVE;
				GCC_WARN_UNUSED_FUNCTION = YES;
				GCC_WARN_UNUSED_VARIABLE = YES;
				IPHONEOS_DEPLOYMENT_TARGET = 12.0;
				MTL_ENABLE_DEBUG_INFO = NO;
				MTL_FAST_MATH = YES;
				SDKROOT = iphoneos;
				SWIFT_COMPILATION_MODE = wholemodule;
				SWIFT_OPTIMIZATION_LEVEL = "-O";
				VALIDATE_PRODUCT = YES;
			};
			name = Release;
		};
		CB68555C25411B4F00132C1A /* Debug */ = {
			isa = XCBuildConfiguration;
			buildSettings = {
				ASSETCATALOG_COMPILER_APPICON_NAME = AppIcon;
				ASSETCATALOG_COMPILER_GLOBAL_ACCENT_COLOR_NAME = AccentColor;
				CODE_SIGN_STYLE = Automatic;
				DEVELOPMENT_TEAM = LZZVJD724V;
				INFOPLIST_FILE = "Unsplash-SHOH/Info.plist";
				LD_RUNPATH_SEARCH_PATHS = (
					"$(inherited)",
					"@executable_path/Frameworks",
				);
				PRODUCT_BUNDLE_IDENTIFIER = "Oh-Sangho.Unsplash-SHOH";
				PRODUCT_NAME = "$(TARGET_NAME)";
				SWIFT_VERSION = 5.0;
				TARGETED_DEVICE_FAMILY = "1,2";
			};
			name = Debug;
		};
		CB68555D25411B4F00132C1A /* Release */ = {
			isa = XCBuildConfiguration;
			buildSettings = {
				ASSETCATALOG_COMPILER_APPICON_NAME = AppIcon;
				ASSETCATALOG_COMPILER_GLOBAL_ACCENT_COLOR_NAME = AccentColor;
				CODE_SIGN_STYLE = Automatic;
				DEVELOPMENT_TEAM = LZZVJD724V;
				INFOPLIST_FILE = "Unsplash-SHOH/Info.plist";
				LD_RUNPATH_SEARCH_PATHS = (
					"$(inherited)",
					"@executable_path/Frameworks",
				);
				PRODUCT_BUNDLE_IDENTIFIER = "Oh-Sangho.Unsplash-SHOH";
				PRODUCT_NAME = "$(TARGET_NAME)";
				SWIFT_VERSION = 5.0;
				TARGETED_DEVICE_FAMILY = "1,2";
			};
			name = Release;
		};
		CB68555F25411B4F00132C1A /* Debug */ = {
			isa = XCBuildConfiguration;
			buildSettings = {
				ALWAYS_EMBED_SWIFT_STANDARD_LIBRARIES = YES;
				BUNDLE_LOADER = "$(TEST_HOST)";
				CODE_SIGN_STYLE = Automatic;
				DEVELOPMENT_TEAM = LZZVJD724V;
				INFOPLIST_FILE = "Unsplash-SHOHTests/Info.plist";
				IPHONEOS_DEPLOYMENT_TARGET = 14.0;
				LD_RUNPATH_SEARCH_PATHS = (
					"$(inherited)",
					"@executable_path/Frameworks",
					"@loader_path/Frameworks",
				);
				PRODUCT_BUNDLE_IDENTIFIER = "Oh-Sangho.Unsplash-SHOHTests";
				PRODUCT_NAME = "$(TARGET_NAME)";
				SWIFT_VERSION = 5.0;
				TARGETED_DEVICE_FAMILY = "1,2";
				TEST_HOST = "$(BUILT_PRODUCTS_DIR)/Unsplash-SHOH.app/Unsplash-SHOH";
			};
			name = Debug;
		};
		CB68556025411B4F00132C1A /* Release */ = {
			isa = XCBuildConfiguration;
			buildSettings = {
				ALWAYS_EMBED_SWIFT_STANDARD_LIBRARIES = YES;
				BUNDLE_LOADER = "$(TEST_HOST)";
				CODE_SIGN_STYLE = Automatic;
				DEVELOPMENT_TEAM = LZZVJD724V;
				INFOPLIST_FILE = "Unsplash-SHOHTests/Info.plist";
				IPHONEOS_DEPLOYMENT_TARGET = 14.0;
				LD_RUNPATH_SEARCH_PATHS = (
					"$(inherited)",
					"@executable_path/Frameworks",
					"@loader_path/Frameworks",
				);
				PRODUCT_BUNDLE_IDENTIFIER = "Oh-Sangho.Unsplash-SHOHTests";
				PRODUCT_NAME = "$(TARGET_NAME)";
				SWIFT_VERSION = 5.0;
				TARGETED_DEVICE_FAMILY = "1,2";
				TEST_HOST = "$(BUILT_PRODUCTS_DIR)/Unsplash-SHOH.app/Unsplash-SHOH";
			};
			name = Release;
		};
		CB68556225411B4F00132C1A /* Debug */ = {
			isa = XCBuildConfiguration;
			buildSettings = {
				ALWAYS_EMBED_SWIFT_STANDARD_LIBRARIES = YES;
				CODE_SIGN_STYLE = Automatic;
				DEVELOPMENT_TEAM = LZZVJD724V;
				INFOPLIST_FILE = "Unsplash-SHOHUITests/Info.plist";
				LD_RUNPATH_SEARCH_PATHS = (
					"$(inherited)",
					"@executable_path/Frameworks",
					"@loader_path/Frameworks",
				);
				PRODUCT_BUNDLE_IDENTIFIER = "Oh-Sangho.Unsplash-SHOHUITests";
				PRODUCT_NAME = "$(TARGET_NAME)";
				SWIFT_VERSION = 5.0;
				TARGETED_DEVICE_FAMILY = "1,2";
				TEST_TARGET_NAME = "Unsplash-SHOH";
			};
			name = Debug;
		};
		CB68556325411B4F00132C1A /* Release */ = {
			isa = XCBuildConfiguration;
			buildSettings = {
				ALWAYS_EMBED_SWIFT_STANDARD_LIBRARIES = YES;
				CODE_SIGN_STYLE = Automatic;
				DEVELOPMENT_TEAM = LZZVJD724V;
				INFOPLIST_FILE = "Unsplash-SHOHUITests/Info.plist";
				LD_RUNPATH_SEARCH_PATHS = (
					"$(inherited)",
					"@executable_path/Frameworks",
					"@loader_path/Frameworks",
				);
				PRODUCT_BUNDLE_IDENTIFIER = "Oh-Sangho.Unsplash-SHOHUITests";
				PRODUCT_NAME = "$(TARGET_NAME)";
				SWIFT_VERSION = 5.0;
				TARGETED_DEVICE_FAMILY = "1,2";
				TEST_TARGET_NAME = "Unsplash-SHOH";
			};
			name = Release;
		};
/* End XCBuildConfiguration section */

/* Begin XCConfigurationList section */
		CB68552C25411B4A00132C1A /* Build configuration list for PBXProject "Unsplash-SHOH" */ = {
			isa = XCConfigurationList;
			buildConfigurations = (
				CB68555925411B4F00132C1A /* Debug */,
				CB68555A25411B4F00132C1A /* Release */,
			);
			defaultConfigurationIsVisible = 0;
			defaultConfigurationName = Release;
		};
		CB68555B25411B4F00132C1A /* Build configuration list for PBXNativeTarget "Unsplash-SHOH" */ = {
			isa = XCConfigurationList;
			buildConfigurations = (
				CB68555C25411B4F00132C1A /* Debug */,
				CB68555D25411B4F00132C1A /* Release */,
			);
			defaultConfigurationIsVisible = 0;
			defaultConfigurationName = Release;
		};
		CB68555E25411B4F00132C1A /* Build configuration list for PBXNativeTarget "Unsplash-SHOHTests" */ = {
			isa = XCConfigurationList;
			buildConfigurations = (
				CB68555F25411B4F00132C1A /* Debug */,
				CB68556025411B4F00132C1A /* Release */,
			);
			defaultConfigurationIsVisible = 0;
			defaultConfigurationName = Release;
		};
		CB68556125411B4F00132C1A /* Build configuration list for PBXNativeTarget "Unsplash-SHOHUITests" */ = {
			isa = XCConfigurationList;
			buildConfigurations = (
				CB68556225411B4F00132C1A /* Debug */,
				CB68556325411B4F00132C1A /* Release */,
			);
			defaultConfigurationIsVisible = 0;
			defaultConfigurationName = Release;
		};
/* End XCConfigurationList section */
	};
	rootObject = CB68552925411B4A00132C1A /* Project object */;
}
